// !$*UTF8*$!
{
	archiveVersion = 1;
	classes = {
	};
	objectVersion = 56;
	objects = {

/* Begin PBXBuildFile section */
		5B0A028A2AD3F7B6004FB043 /* MailViewComponent.swift in Sources */ = {isa = PBXBuildFile; fileRef = 5B0A02892AD3F7B6004FB043 /* MailViewComponent.swift */; };
		5B0A028C2AD3FE98004FB043 /* EmailDataModel.swift in Sources */ = {isa = PBXBuildFile; fileRef = 5B0A028B2AD3FE98004FB043 /* EmailDataModel.swift */; };
		5B150E932AB7BF5A005CC112 /* GoogleSignIn in Frameworks */ = {isa = PBXBuildFile; productRef = 5B150E922AB7BF5A005CC112 /* GoogleSignIn */; };
		5B150E952AB7BF5A005CC112 /* GoogleSignInSwift in Frameworks */ = {isa = PBXBuildFile; productRef = 5B150E942AB7BF5A005CC112 /* GoogleSignInSwift */; };
		5B2958D22B06D1D600105F9F /* GalleryPhotoViewComponent.swift in Sources */ = {isa = PBXBuildFile; fileRef = 5B2958D12B06D1D600105F9F /* GalleryPhotoViewComponent.swift */; };
		5B2ABCF42AFAC24D009EBC18 /* CreationSubView2.swift in Sources */ = {isa = PBXBuildFile; fileRef = 5B2ABCF32AFAC24D009EBC18 /* CreationSubView2.swift */; };
		5B2ABCF62AFAE640009EBC18 /* PickerViewComponent.swift in Sources */ = {isa = PBXBuildFile; fileRef = 5B2ABCF52AFAE640009EBC18 /* PickerViewComponent.swift */; };
		5B2ABCF82AFAEA10009EBC18 /* CreationSubView4.swift in Sources */ = {isa = PBXBuildFile; fileRef = 5B2ABCF72AFAEA10009EBC18 /* CreationSubView4.swift */; };
		5B2ABCFA2AFAFCD5009EBC18 /* CoursesTextFieldViewComponent.swift in Sources */ = {isa = PBXBuildFile; fileRef = 5B2ABCF92AFAFCD5009EBC18 /* CoursesTextFieldViewComponent.swift */; };
		5B2ABCFC2AFB0921009EBC18 /* CreationSubView5.swift in Sources */ = {isa = PBXBuildFile; fileRef = 5B2ABCFB2AFB0921009EBC18 /* CreationSubView5.swift */; };
		5B31D4C22AFC5C8800447AD4 /* CreationSubView3.swift in Sources */ = {isa = PBXBuildFile; fileRef = 5B31D4C12AFC5C8800447AD4 /* CreationSubView3.swift */; };
		5B33E2AB2ABB722100B20E9A /* ProfileView.swift in Sources */ = {isa = PBXBuildFile; fileRef = 5B33E2AA2ABB722100B20E9A /* ProfileView.swift */; };
		5B33E2AD2ABB74F000B20E9A /* HomeView.swift in Sources */ = {isa = PBXBuildFile; fileRef = 5B33E2AC2ABB74F000B20E9A /* HomeView.swift */; };
		5B419DAC2AFFCCD3000619FC /* ListRowViewComponent.swift in Sources */ = {isa = PBXBuildFile; fileRef = 5B419DAB2AFFCCD3000619FC /* ListRowViewComponent.swift */; };
		5B419DAE2AFFD3CC000619FC /* BlackScreenPlayViewComponent.swift in Sources */ = {isa = PBXBuildFile; fileRef = 5B419DAD2AFFD3CC000619FC /* BlackScreenPlayViewComponent.swift */; };
		5B419DB02B00F2AF000619FC /* SearchBarViewComponent.swift in Sources */ = {isa = PBXBuildFile; fileRef = 5B419DAF2B00F2AF000619FC /* SearchBarViewComponent.swift */; };
		5B540DB62AC234A20034FF9D /* FirebaseFirestore in Frameworks */ = {isa = PBXBuildFile; productRef = 5B540DB52AC234A20034FF9D /* FirebaseFirestore */; };
		5B540DB82AC234AE0034FF9D /* FirebaseStorage in Frameworks */ = {isa = PBXBuildFile; productRef = 5B540DB72AC234AE0034FF9D /* FirebaseStorage */; };
		5B5BDA522AD32E2D00BDE896 /* CustomTextField.swift in Sources */ = {isa = PBXBuildFile; fileRef = 5B5BDA512AD32E2D00BDE896 /* CustomTextField.swift */; };
		5B616E732ABCB97D009FAE97 /* FirebaseFirestoreSwift in Frameworks */ = {isa = PBXBuildFile; productRef = 5B616E722ABCB97D009FAE97 /* FirebaseFirestoreSwift */; };
		5B616E762ABCB9D6009FAE97 /* CollectionsViewModel.swift in Sources */ = {isa = PBXBuildFile; fileRef = 5B616E752ABCB9D6009FAE97 /* CollectionsViewModel.swift */; };
		5B616E782ABCB9EB009FAE97 /* CollectionsRepository.swift in Sources */ = {isa = PBXBuildFile; fileRef = 5B616E772ABCB9EB009FAE97 /* CollectionsRepository.swift */; };
		5B616E7A2ABCB9F8009FAE97 /* CollectionsDataSource.swift in Sources */ = {isa = PBXBuildFile; fileRef = 5B616E792ABCB9F8009FAE97 /* CollectionsDataSource.swift */; };
		5B616E7D2ABCBB52009FAE97 /* CourseModel.swift in Sources */ = {isa = PBXBuildFile; fileRef = 5B616E7C2ABCBB52009FAE97 /* CourseModel.swift */; };
		5B616E842ABCE820009FAE97 /* CreationForm.swift in Sources */ = {isa = PBXBuildFile; fileRef = 5B616E832ABCE820009FAE97 /* CreationForm.swift */; };
		5B616E862ABCF8C0009FAE97 /* CardView.swift in Sources */ = {isa = PBXBuildFile; fileRef = 5B616E852ABCF8C0009FAE97 /* CardView.swift */; };
		5B616E882ABCFBC2009FAE97 /* CourseDetailView.swift in Sources */ = {isa = PBXBuildFile; fileRef = 5B616E872ABCFBC2009FAE97 /* CourseDetailView.swift */; };
		5B636F932B0A05690011E9E9 /* GalleryVideoViewComponent.swift in Sources */ = {isa = PBXBuildFile; fileRef = 5B636F922B0A05690011E9E9 /* GalleryVideoViewComponent.swift */; };
		5B636F952B0A0EE60011E9E9 /* CoursesLoadVideoViewComponent.swift in Sources */ = {isa = PBXBuildFile; fileRef = 5B636F942B0A0EE60011E9E9 /* CoursesLoadVideoViewComponent.swift */; };
		5B636F972B0A8F540011E9E9 /* WaitingViewComponent.swift in Sources */ = {isa = PBXBuildFile; fileRef = 5B636F962B0A8F540011E9E9 /* WaitingViewComponent.swift */; };
		5B68A8132AFE9CD700C378D7 /* CardCarouselView.swift in Sources */ = {isa = PBXBuildFile; fileRef = 5B68A8122AFE9CD700C378D7 /* CardCarouselView.swift */; };
		5B70923D2ABDEC94003243C7 /* CreationSubView1.swift in Sources */ = {isa = PBXBuildFile; fileRef = 5B70923C2ABDEC94003243C7 /* CreationSubView1.swift */; };
		5B70923F2ABDED45003243C7 /* ManagementView.swift in Sources */ = {isa = PBXBuildFile; fileRef = 5B70923E2ABDED45003243C7 /* ManagementView.swift */; };
		5B7092412ABDEED5003243C7 /* SubscribedView.swift in Sources */ = {isa = PBXBuildFile; fileRef = 5B7092402ABDEED5003243C7 /* SubscribedView.swift */; };
		5B7819962AC35EF80041BCF8 /* StringExtensions.swift in Sources */ = {isa = PBXBuildFile; fileRef = 5B7819952AC35EF80041BCF8 /* StringExtensions.swift */; };
		5B78DCD62AB74B3200A87E28 /* FacebookLogin in Frameworks */ = {isa = PBXBuildFile; productRef = 5B78DCD52AB74B3200A87E28 /* FacebookLogin */; };
		5B78DCDA2AB7716000A87E28 /* FacebookAuth.swift in Sources */ = {isa = PBXBuildFile; fileRef = 5B78DCD92AB7716000A87E28 /* FacebookAuth.swift */; };
		5B80EE532AC4E33A00F2F446 /* StorageManager.swift in Sources */ = {isa = PBXBuildFile; fileRef = 5B80EE522AC4E33A00F2F446 /* StorageManager.swift */; };
		5B95645A2AD1BE70002BC3BE /* EditionView.swift in Sources */ = {isa = PBXBuildFile; fileRef = 5B9564592AD1BE70002BC3BE /* EditionView.swift */; };
		5B95645E2AD1F1FD002BC3BE /* ManagedCourseCardView.swift in Sources */ = {isa = PBXBuildFile; fileRef = 5B95645D2AD1F1FD002BC3BE /* ManagedCourseCardView.swift */; };
		5B9564602AD1F284002BC3BE /* ManagedCourseDetailView.swift in Sources */ = {isa = PBXBuildFile; fileRef = 5B95645F2AD1F284002BC3BE /* ManagedCourseDetailView.swift */; };
		5B9564622AD1FD55002BC3BE /* Enums.swift in Sources */ = {isa = PBXBuildFile; fileRef = 5B9564612AD1FD55002BC3BE /* Enums.swift */; };
		5B9564642AD21330002BC3BE /* AddNewVideosView.swift in Sources */ = {isa = PBXBuildFile; fileRef = 5B9564632AD21330002BC3BE /* AddNewVideosView.swift */; };
		5BB68F5F2B0912E600B1F535 /* CoursesLoadPictureViewComponent.swift in Sources */ = {isa = PBXBuildFile; fileRef = 5BB68F5E2B0912E600B1F535 /* CoursesLoadPictureViewComponent.swift */; };
		5BBAFE4C2AF83D9E008CEBBE /* HeaderViewComponent.swift in Sources */ = {isa = PBXBuildFile; fileRef = 5BBAFE4B2AF83D9E008CEBBE /* HeaderViewComponent.swift */; };
		5BBAFE4E2AF83DC7008CEBBE /* HeaderModel.swift in Sources */ = {isa = PBXBuildFile; fileRef = 5BBAFE4D2AF83DC7008CEBBE /* HeaderModel.swift */; };
		5BBAFE502AF83DDE008CEBBE /* ProviderModel.swift in Sources */ = {isa = PBXBuildFile; fileRef = 5BBAFE4F2AF83DDE008CEBBE /* ProviderModel.swift */; };
		5BBAFE522AF83DFD008CEBBE /* SeparatorViewComponent.swift in Sources */ = {isa = PBXBuildFile; fileRef = 5BBAFE512AF83DFD008CEBBE /* SeparatorViewComponent.swift */; };
		5BBAFE542AF83E0D008CEBBE /* ProviderButtonViewComponent.swift in Sources */ = {isa = PBXBuildFile; fileRef = 5BBAFE532AF83E0D008CEBBE /* ProviderButtonViewComponent.swift */; };
		5BBAFE572AF84086008CEBBE /* RegisterSubView2.swift in Sources */ = {isa = PBXBuildFile; fileRef = 5BBAFE562AF84086008CEBBE /* RegisterSubView2.swift */; };
		5BBAFE592AF8408D008CEBBE /* RegisterSubView3.swift in Sources */ = {isa = PBXBuildFile; fileRef = 5BBAFE582AF8408D008CEBBE /* RegisterSubView3.swift */; };
		5BBAFE5B2AF84093008CEBBE /* RegisterSubView4.swift in Sources */ = {isa = PBXBuildFile; fileRef = 5BBAFE5A2AF84093008CEBBE /* RegisterSubView4.swift */; };
		5BBAFE5D2AF84106008CEBBE /* ButtonViewComponent.swift in Sources */ = {isa = PBXBuildFile; fileRef = 5BBAFE5C2AF84106008CEBBE /* ButtonViewComponent.swift */; };
		5BBAFE5F2AF8412F008CEBBE /* RegistrationFormViewComponent.swift in Sources */ = {isa = PBXBuildFile; fileRef = 5BBAFE5E2AF8412F008CEBBE /* RegistrationFormViewComponent.swift */; };
		5BBAFE612AF8414C008CEBBE /* RegTextFieldViewComponent.swift in Sources */ = {isa = PBXBuildFile; fileRef = 5BBAFE602AF8414C008CEBBE /* RegTextFieldViewComponent.swift */; };
		5BBAFE632AF84364008CEBBE /* CategorybuttonViewComponent.swift in Sources */ = {isa = PBXBuildFile; fileRef = 5BBAFE622AF84364008CEBBE /* CategorybuttonViewComponent.swift */; };
		5BBF82572AFD7B74005B739F /* WaitingAnimationViewComponent.swift in Sources */ = {isa = PBXBuildFile; fileRef = 5BBF82562AFD7B74005B739F /* WaitingAnimationViewComponent.swift */; };
		5BBF825A2AFD93B0005B739F /* VideoPlayerView.swift in Sources */ = {isa = PBXBuildFile; fileRef = 5BBF82592AFD93B0005B739F /* VideoPlayerView.swift */; };
		5BC241352ADF0486002892E5 /* DoubleExtensions.swift in Sources */ = {isa = PBXBuildFile; fileRef = 5BC241342ADF0486002892E5 /* DoubleExtensions.swift */; };
		5BC241372ADF0658002892E5 /* Constants.swift in Sources */ = {isa = PBXBuildFile; fileRef = 5BC241362ADF0658002892E5 /* Constants.swift */; };
		5BC2413B2ADF1E99002892E5 /* FormDataModel.swift in Sources */ = {isa = PBXBuildFile; fileRef = 5BC2413A2ADF1E99002892E5 /* FormDataModel.swift */; };
		5BC2413D2AE05AED002892E5 /* UserModels.swift in Sources */ = {isa = PBXBuildFile; fileRef = 5BC2413C2AE05AED002892E5 /* UserModels.swift */; };
		5BC457092AB367FD00567EEF /* EducatechApp.swift in Sources */ = {isa = PBXBuildFile; fileRef = 5BC457082AB367FD00567EEF /* EducatechApp.swift */; };
		5BC4570B2AB367FD00567EEF /* LoginView.swift in Sources */ = {isa = PBXBuildFile; fileRef = 5BC4570A2AB367FD00567EEF /* LoginView.swift */; };
		5BC4570D2AB367FE00567EEF /* Assets.xcassets in Resources */ = {isa = PBXBuildFile; fileRef = 5BC4570C2AB367FE00567EEF /* Assets.xcassets */; };
		5BC457102AB367FE00567EEF /* Preview Assets.xcassets in Resources */ = {isa = PBXBuildFile; fileRef = 5BC4570F2AB367FE00567EEF /* Preview Assets.xcassets */; };
		5BC457172AB368C500567EEF /* RegisterView1.swift in Sources */ = {isa = PBXBuildFile; fileRef = 5BC457162AB368C500567EEF /* RegisterView1.swift */; };
		5BC457192AB3690000567EEF /* InitialView.swift in Sources */ = {isa = PBXBuildFile; fileRef = 5BC457182AB3690000567EEF /* InitialView.swift */; };
		5BC4571B2AB36ABD00567EEF /* DismissView.swift in Sources */ = {isa = PBXBuildFile; fileRef = 5BC4571A2AB36ABD00567EEF /* DismissView.swift */; };
		5BC4571D2AB36B4100567EEF /* MainView.swift in Sources */ = {isa = PBXBuildFile; fileRef = 5BC4571C2AB36B4100567EEF /* MainView.swift */; };
		5BC457242AB3960D00567EEF /* AuthDataSource.swift in Sources */ = {isa = PBXBuildFile; fileRef = 5BC457232AB3960D00567EEF /* AuthDataSource.swift */; };
		5BC457262AB3962100567EEF /* AuthRepository.swift in Sources */ = {isa = PBXBuildFile; fileRef = 5BC457252AB3962100567EEF /* AuthRepository.swift */; };
		5BC457282AB3962800567EEF /* AuthViewModel.swift in Sources */ = {isa = PBXBuildFile; fileRef = 5BC457272AB3962800567EEF /* AuthViewModel.swift */; };
		5BC4572D2AB396C800567EEF /* GoogleService-Info.plist in Resources */ = {isa = PBXBuildFile; fileRef = 5BC4572C2AB396C800567EEF /* GoogleService-Info.plist */; };
		5BC457302AB396D300567EEF /* FirebaseAnalytics in Frameworks */ = {isa = PBXBuildFile; productRef = 5BC4572F2AB396D300567EEF /* FirebaseAnalytics */; };
		5BC457322AB396D300567EEF /* FirebaseAnalyticsSwift in Frameworks */ = {isa = PBXBuildFile; productRef = 5BC457312AB396D300567EEF /* FirebaseAnalyticsSwift */; };
		5BC457342AB396D300567EEF /* FirebaseAuth in Frameworks */ = {isa = PBXBuildFile; productRef = 5BC457332AB396D300567EEF /* FirebaseAuth */; };
		5BC457392AB3A6A500567EEF /* SignoutButtonViewComponent.swift in Sources */ = {isa = PBXBuildFile; fileRef = 5BC457382AB3A6A500567EEF /* SignoutButtonViewComponent.swift */; };
		5BCEB6422AE19B6100DB5973 /* SearchView.swift in Sources */ = {isa = PBXBuildFile; fileRef = 5BCEB6412AE19B6100DB5973 /* SearchView.swift */; };
		5BCEB6482AE1ECBD00DB5973 /* ContentType.swift in Sources */ = {isa = PBXBuildFile; fileRef = 5BCEB6472AE1ECBD00DB5973 /* ContentType.swift */; };
		5BDC39B42AB8D6AA00F2C99A /* GoogleAuth.swift in Sources */ = {isa = PBXBuildFile; fileRef = 5BDC39B32AB8D6AA00F2C99A /* GoogleAuth.swift */; };
/* End PBXBuildFile section */

/* Begin PBXFileReference section */
		5B0A02892AD3F7B6004FB043 /* MailViewComponent.swift */ = {isa = PBXFileReference; lastKnownFileType = sourcecode.swift; path = MailViewComponent.swift; sourceTree = "<group>"; };
		5B0A028B2AD3FE98004FB043 /* EmailDataModel.swift */ = {isa = PBXFileReference; lastKnownFileType = sourcecode.swift; path = EmailDataModel.swift; sourceTree = "<group>"; };
		5B2958D12B06D1D600105F9F /* GalleryPhotoViewComponent.swift */ = {isa = PBXFileReference; lastKnownFileType = sourcecode.swift; path = GalleryPhotoViewComponent.swift; sourceTree = "<group>"; };
		5B2ABCF32AFAC24D009EBC18 /* CreationSubView2.swift */ = {isa = PBXFileReference; lastKnownFileType = sourcecode.swift; path = CreationSubView2.swift; sourceTree = "<group>"; };
		5B2ABCF52AFAE640009EBC18 /* PickerViewComponent.swift */ = {isa = PBXFileReference; lastKnownFileType = sourcecode.swift; path = PickerViewComponent.swift; sourceTree = "<group>"; };
		5B2ABCF72AFAEA10009EBC18 /* CreationSubView4.swift */ = {isa = PBXFileReference; lastKnownFileType = sourcecode.swift; path = CreationSubView4.swift; sourceTree = "<group>"; };
		5B2ABCF92AFAFCD5009EBC18 /* CoursesTextFieldViewComponent.swift */ = {isa = PBXFileReference; lastKnownFileType = sourcecode.swift; path = CoursesTextFieldViewComponent.swift; sourceTree = "<group>"; };
		5B2ABCFB2AFB0921009EBC18 /* CreationSubView5.swift */ = {isa = PBXFileReference; lastKnownFileType = sourcecode.swift; path = CreationSubView5.swift; sourceTree = "<group>"; };
		5B31D4C12AFC5C8800447AD4 /* CreationSubView3.swift */ = {isa = PBXFileReference; lastKnownFileType = sourcecode.swift; path = CreationSubView3.swift; sourceTree = "<group>"; };
		5B33E2AA2ABB722100B20E9A /* ProfileView.swift */ = {isa = PBXFileReference; lastKnownFileType = sourcecode.swift; path = ProfileView.swift; sourceTree = "<group>"; };
		5B33E2AC2ABB74F000B20E9A /* HomeView.swift */ = {isa = PBXFileReference; lastKnownFileType = sourcecode.swift; path = HomeView.swift; sourceTree = "<group>"; };
		5B419DAB2AFFCCD3000619FC /* ListRowViewComponent.swift */ = {isa = PBXFileReference; lastKnownFileType = sourcecode.swift; path = ListRowViewComponent.swift; sourceTree = "<group>"; };
		5B419DAD2AFFD3CC000619FC /* BlackScreenPlayViewComponent.swift */ = {isa = PBXFileReference; lastKnownFileType = sourcecode.swift; path = BlackScreenPlayViewComponent.swift; sourceTree = "<group>"; };
		5B419DAF2B00F2AF000619FC /* SearchBarViewComponent.swift */ = {isa = PBXFileReference; lastKnownFileType = sourcecode.swift; path = SearchBarViewComponent.swift; sourceTree = "<group>"; };
		5B5BDA512AD32E2D00BDE896 /* CustomTextField.swift */ = {isa = PBXFileReference; lastKnownFileType = sourcecode.swift; path = CustomTextField.swift; sourceTree = "<group>"; };
		5B616E752ABCB9D6009FAE97 /* CollectionsViewModel.swift */ = {isa = PBXFileReference; lastKnownFileType = sourcecode.swift; path = CollectionsViewModel.swift; sourceTree = "<group>"; };
		5B616E772ABCB9EB009FAE97 /* CollectionsRepository.swift */ = {isa = PBXFileReference; lastKnownFileType = sourcecode.swift; path = CollectionsRepository.swift; sourceTree = "<group>"; };
		5B616E792ABCB9F8009FAE97 /* CollectionsDataSource.swift */ = {isa = PBXFileReference; lastKnownFileType = sourcecode.swift; path = CollectionsDataSource.swift; sourceTree = "<group>"; };
		5B616E7C2ABCBB52009FAE97 /* CourseModel.swift */ = {isa = PBXFileReference; lastKnownFileType = sourcecode.swift; path = CourseModel.swift; sourceTree = "<group>"; };
		5B616E832ABCE820009FAE97 /* CreationForm.swift */ = {isa = PBXFileReference; lastKnownFileType = sourcecode.swift; path = CreationForm.swift; sourceTree = "<group>"; };
		5B616E852ABCF8C0009FAE97 /* CardView.swift */ = {isa = PBXFileReference; lastKnownFileType = sourcecode.swift; path = CardView.swift; sourceTree = "<group>"; };
		5B616E872ABCFBC2009FAE97 /* CourseDetailView.swift */ = {isa = PBXFileReference; lastKnownFileType = sourcecode.swift; path = CourseDetailView.swift; sourceTree = "<group>"; };
		5B636F922B0A05690011E9E9 /* GalleryVideoViewComponent.swift */ = {isa = PBXFileReference; lastKnownFileType = sourcecode.swift; path = GalleryVideoViewComponent.swift; sourceTree = "<group>"; };
		5B636F942B0A0EE60011E9E9 /* CoursesLoadVideoViewComponent.swift */ = {isa = PBXFileReference; lastKnownFileType = sourcecode.swift; path = CoursesLoadVideoViewComponent.swift; sourceTree = "<group>"; };
		5B636F962B0A8F540011E9E9 /* WaitingViewComponent.swift */ = {isa = PBXFileReference; lastKnownFileType = sourcecode.swift; path = WaitingViewComponent.swift; sourceTree = "<group>"; };
		5B68A8122AFE9CD700C378D7 /* CardCarouselView.swift */ = {isa = PBXFileReference; lastKnownFileType = sourcecode.swift; path = CardCarouselView.swift; sourceTree = "<group>"; };
		5B70923C2ABDEC94003243C7 /* CreationSubView1.swift */ = {isa = PBXFileReference; lastKnownFileType = sourcecode.swift; path = CreationSubView1.swift; sourceTree = "<group>"; };
		5B70923E2ABDED45003243C7 /* ManagementView.swift */ = {isa = PBXFileReference; lastKnownFileType = sourcecode.swift; path = ManagementView.swift; sourceTree = "<group>"; };
		5B7092402ABDEED5003243C7 /* SubscribedView.swift */ = {isa = PBXFileReference; lastKnownFileType = sourcecode.swift; path = SubscribedView.swift; sourceTree = "<group>"; };
		5B7819952AC35EF80041BCF8 /* StringExtensions.swift */ = {isa = PBXFileReference; lastKnownFileType = sourcecode.swift; path = StringExtensions.swift; sourceTree = "<group>"; };
		5B78DCD72AB74C4000A87E28 /* Info.plist */ = {isa = PBXFileReference; lastKnownFileType = text.plist; path = Info.plist; sourceTree = "<group>"; };
		5B78DCD82AB74FA900A87E28 /* Educatech.entitlements */ = {isa = PBXFileReference; lastKnownFileType = text.plist.entitlements; path = Educatech.entitlements; sourceTree = "<group>"; };
		5B78DCD92AB7716000A87E28 /* FacebookAuth.swift */ = {isa = PBXFileReference; lastKnownFileType = sourcecode.swift; path = FacebookAuth.swift; sourceTree = "<group>"; };
		5B80EE522AC4E33A00F2F446 /* StorageManager.swift */ = {isa = PBXFileReference; lastKnownFileType = sourcecode.swift; path = StorageManager.swift; sourceTree = "<group>"; };
		5B9564592AD1BE70002BC3BE /* EditionView.swift */ = {isa = PBXFileReference; lastKnownFileType = sourcecode.swift; path = EditionView.swift; sourceTree = "<group>"; };
		5B95645D2AD1F1FD002BC3BE /* ManagedCourseCardView.swift */ = {isa = PBXFileReference; lastKnownFileType = sourcecode.swift; path = ManagedCourseCardView.swift; sourceTree = "<group>"; };
		5B95645F2AD1F284002BC3BE /* ManagedCourseDetailView.swift */ = {isa = PBXFileReference; lastKnownFileType = sourcecode.swift; path = ManagedCourseDetailView.swift; sourceTree = "<group>"; };
		5B9564612AD1FD55002BC3BE /* Enums.swift */ = {isa = PBXFileReference; lastKnownFileType = sourcecode.swift; path = Enums.swift; sourceTree = "<group>"; };
		5B9564632AD21330002BC3BE /* AddNewVideosView.swift */ = {isa = PBXFileReference; lastKnownFileType = sourcecode.swift; path = AddNewVideosView.swift; sourceTree = "<group>"; };
		5BB68F5E2B0912E600B1F535 /* CoursesLoadPictureViewComponent.swift */ = {isa = PBXFileReference; lastKnownFileType = sourcecode.swift; path = CoursesLoadPictureViewComponent.swift; sourceTree = "<group>"; };
		5BBAFE4B2AF83D9E008CEBBE /* HeaderViewComponent.swift */ = {isa = PBXFileReference; lastKnownFileType = sourcecode.swift; path = HeaderViewComponent.swift; sourceTree = "<group>"; };
		5BBAFE4D2AF83DC7008CEBBE /* HeaderModel.swift */ = {isa = PBXFileReference; lastKnownFileType = sourcecode.swift; path = HeaderModel.swift; sourceTree = "<group>"; };
		5BBAFE4F2AF83DDE008CEBBE /* ProviderModel.swift */ = {isa = PBXFileReference; lastKnownFileType = sourcecode.swift; path = ProviderModel.swift; sourceTree = "<group>"; };
		5BBAFE512AF83DFD008CEBBE /* SeparatorViewComponent.swift */ = {isa = PBXFileReference; lastKnownFileType = sourcecode.swift; path = SeparatorViewComponent.swift; sourceTree = "<group>"; };
		5BBAFE532AF83E0D008CEBBE /* ProviderButtonViewComponent.swift */ = {isa = PBXFileReference; lastKnownFileType = sourcecode.swift; path = ProviderButtonViewComponent.swift; sourceTree = "<group>"; };
		5BBAFE562AF84086008CEBBE /* RegisterSubView2.swift */ = {isa = PBXFileReference; lastKnownFileType = sourcecode.swift; path = RegisterSubView2.swift; sourceTree = "<group>"; };
		5BBAFE582AF8408D008CEBBE /* RegisterSubView3.swift */ = {isa = PBXFileReference; lastKnownFileType = sourcecode.swift; path = RegisterSubView3.swift; sourceTree = "<group>"; };
		5BBAFE5A2AF84093008CEBBE /* RegisterSubView4.swift */ = {isa = PBXFileReference; lastKnownFileType = sourcecode.swift; path = RegisterSubView4.swift; sourceTree = "<group>"; };
		5BBAFE5C2AF84106008CEBBE /* ButtonViewComponent.swift */ = {isa = PBXFileReference; lastKnownFileType = sourcecode.swift; path = ButtonViewComponent.swift; sourceTree = "<group>"; };
		5BBAFE5E2AF8412F008CEBBE /* RegistrationFormViewComponent.swift */ = {isa = PBXFileReference; lastKnownFileType = sourcecode.swift; path = RegistrationFormViewComponent.swift; sourceTree = "<group>"; };
		5BBAFE602AF8414C008CEBBE /* RegTextFieldViewComponent.swift */ = {isa = PBXFileReference; lastKnownFileType = sourcecode.swift; path = RegTextFieldViewComponent.swift; sourceTree = "<group>"; };
		5BBAFE622AF84364008CEBBE /* CategorybuttonViewComponent.swift */ = {isa = PBXFileReference; lastKnownFileType = sourcecode.swift; path = CategorybuttonViewComponent.swift; sourceTree = "<group>"; };
		5BBF82562AFD7B74005B739F /* WaitingAnimationViewComponent.swift */ = {isa = PBXFileReference; lastKnownFileType = sourcecode.swift; path = WaitingAnimationViewComponent.swift; sourceTree = "<group>"; };
		5BBF82592AFD93B0005B739F /* VideoPlayerView.swift */ = {isa = PBXFileReference; lastKnownFileType = sourcecode.swift; path = VideoPlayerView.swift; sourceTree = "<group>"; };
		5BC241342ADF0486002892E5 /* DoubleExtensions.swift */ = {isa = PBXFileReference; lastKnownFileType = sourcecode.swift; path = DoubleExtensions.swift; sourceTree = "<group>"; };
		5BC241362ADF0658002892E5 /* Constants.swift */ = {isa = PBXFileReference; lastKnownFileType = sourcecode.swift; path = Constants.swift; sourceTree = "<group>"; };
		5BC2413A2ADF1E99002892E5 /* FormDataModel.swift */ = {isa = PBXFileReference; lastKnownFileType = sourcecode.swift; path = FormDataModel.swift; sourceTree = "<group>"; };
		5BC2413C2AE05AED002892E5 /* UserModels.swift */ = {isa = PBXFileReference; lastKnownFileType = sourcecode.swift; path = UserModels.swift; sourceTree = "<group>"; };
		5BC457052AB367FD00567EEF /* Educatech.app */ = {isa = PBXFileReference; explicitFileType = wrapper.application; includeInIndex = 0; path = Educatech.app; sourceTree = BUILT_PRODUCTS_DIR; };
		5BC457082AB367FD00567EEF /* EducatechApp.swift */ = {isa = PBXFileReference; lastKnownFileType = sourcecode.swift; path = EducatechApp.swift; sourceTree = "<group>"; };
		5BC4570A2AB367FD00567EEF /* LoginView.swift */ = {isa = PBXFileReference; lastKnownFileType = sourcecode.swift; path = LoginView.swift; sourceTree = "<group>"; };
		5BC4570C2AB367FE00567EEF /* Assets.xcassets */ = {isa = PBXFileReference; lastKnownFileType = folder.assetcatalog; path = Assets.xcassets; sourceTree = "<group>"; };
		5BC4570F2AB367FE00567EEF /* Preview Assets.xcassets */ = {isa = PBXFileReference; lastKnownFileType = folder.assetcatalog; path = "Preview Assets.xcassets"; sourceTree = "<group>"; };
		5BC457162AB368C500567EEF /* RegisterView1.swift */ = {isa = PBXFileReference; lastKnownFileType = sourcecode.swift; path = RegisterView1.swift; sourceTree = "<group>"; };
		5BC457182AB3690000567EEF /* InitialView.swift */ = {isa = PBXFileReference; lastKnownFileType = sourcecode.swift; path = InitialView.swift; sourceTree = "<group>"; };
		5BC4571A2AB36ABD00567EEF /* DismissView.swift */ = {isa = PBXFileReference; lastKnownFileType = sourcecode.swift; path = DismissView.swift; sourceTree = "<group>"; };
		5BC4571C2AB36B4100567EEF /* MainView.swift */ = {isa = PBXFileReference; lastKnownFileType = sourcecode.swift; path = MainView.swift; sourceTree = "<group>"; };
		5BC457232AB3960D00567EEF /* AuthDataSource.swift */ = {isa = PBXFileReference; lastKnownFileType = sourcecode.swift; path = AuthDataSource.swift; sourceTree = "<group>"; };
		5BC457252AB3962100567EEF /* AuthRepository.swift */ = {isa = PBXFileReference; lastKnownFileType = sourcecode.swift; path = AuthRepository.swift; sourceTree = "<group>"; };
		5BC457272AB3962800567EEF /* AuthViewModel.swift */ = {isa = PBXFileReference; lastKnownFileType = sourcecode.swift; path = AuthViewModel.swift; sourceTree = "<group>"; };
		5BC4572C2AB396C800567EEF /* GoogleService-Info.plist */ = {isa = PBXFileReference; fileEncoding = 4; lastKnownFileType = text.plist.xml; path = "GoogleService-Info.plist"; sourceTree = "<group>"; };
		5BC457382AB3A6A500567EEF /* SignoutButtonViewComponent.swift */ = {isa = PBXFileReference; lastKnownFileType = sourcecode.swift; path = SignoutButtonViewComponent.swift; sourceTree = "<group>"; };
		5BCEB6412AE19B6100DB5973 /* SearchView.swift */ = {isa = PBXFileReference; lastKnownFileType = sourcecode.swift; path = SearchView.swift; sourceTree = "<group>"; };
		5BCEB6472AE1ECBD00DB5973 /* ContentType.swift */ = {isa = PBXFileReference; lastKnownFileType = sourcecode.swift; path = ContentType.swift; sourceTree = "<group>"; };
		5BDC39B32AB8D6AA00F2C99A /* GoogleAuth.swift */ = {isa = PBXFileReference; lastKnownFileType = sourcecode.swift; path = GoogleAuth.swift; sourceTree = "<group>"; };
/* End PBXFileReference section */

/* Begin PBXFrameworksBuildPhase section */
		5BC457022AB367FD00567EEF /* Frameworks */ = {
			isa = PBXFrameworksBuildPhase;
			buildActionMask = 2147483647;
			files = (
				5B150E932AB7BF5A005CC112 /* GoogleSignIn in Frameworks */,
				5B78DCD62AB74B3200A87E28 /* FacebookLogin in Frameworks */,
				5B540DB82AC234AE0034FF9D /* FirebaseStorage in Frameworks */,
				5BC457322AB396D300567EEF /* FirebaseAnalyticsSwift in Frameworks */,
				5B616E732ABCB97D009FAE97 /* FirebaseFirestoreSwift in Frameworks */,
				5B150E952AB7BF5A005CC112 /* GoogleSignInSwift in Frameworks */,
				5B540DB62AC234A20034FF9D /* FirebaseFirestore in Frameworks */,
				5BC457342AB396D300567EEF /* FirebaseAuth in Frameworks */,
				5BC457302AB396D300567EEF /* FirebaseAnalytics in Frameworks */,
			);
			runOnlyForDeploymentPostprocessing = 0;
		};
/* End PBXFrameworksBuildPhase section */

/* Begin PBXGroup section */
		5B2ABCF22AFAB8C9009EBC18 /* ManagementSubViews */ = {
			isa = PBXGroup;
			children = (
				5B70923C2ABDEC94003243C7 /* CreationSubView1.swift */,
				5B2ABCF32AFAC24D009EBC18 /* CreationSubView2.swift */,
				5B31D4C12AFC5C8800447AD4 /* CreationSubView3.swift */,
				5B2ABCF72AFAEA10009EBC18 /* CreationSubView4.swift */,
				5B2ABCFB2AFB0921009EBC18 /* CreationSubView5.swift */,
			);
			path = ManagementSubViews;
			sourceTree = "<group>";
		};
		5B616E712ABCB97D009FAE97 /* Frameworks */ = {
			isa = PBXGroup;
			children = (
			);
			name = Frameworks;
			sourceTree = "<group>";
		};
		5B616E742ABCB993009FAE97 /* Courses_and_storage */ = {
			isa = PBXGroup;
			children = (
				5B80EE522AC4E33A00F2F446 /* StorageManager.swift */,
				5B616E792ABCB9F8009FAE97 /* CollectionsDataSource.swift */,
				5B616E772ABCB9EB009FAE97 /* CollectionsRepository.swift */,
				5B616E752ABCB9D6009FAE97 /* CollectionsViewModel.swift */,
			);
			path = Courses_and_storage;
			sourceTree = "<group>";
		};
		5B616E7B2ABCBA00009FAE97 /* Auth */ = {
			isa = PBXGroup;
			children = (
				5B78DCD92AB7716000A87E28 /* FacebookAuth.swift */,
				5BDC39B32AB8D6AA00F2C99A /* GoogleAuth.swift */,
				5BC457232AB3960D00567EEF /* AuthDataSource.swift */,
				5BC457252AB3962100567EEF /* AuthRepository.swift */,
				5BC457272AB3962800567EEF /* AuthViewModel.swift */,
			);
			path = Auth;
			sourceTree = "<group>";
		};
		5B70923B2ABDEC73003243C7 /* EditorViews */ = {
			isa = PBXGroup;
			children = (
				5B9564592AD1BE70002BC3BE /* EditionView.swift */,
				5B95645D2AD1F1FD002BC3BE /* ManagedCourseCardView.swift */,
				5B95645F2AD1F284002BC3BE /* ManagedCourseDetailView.swift */,
				5B9564632AD21330002BC3BE /* AddNewVideosView.swift */,
			);
			path = EditorViews;
			sourceTree = "<group>";
		};
		5B7819922AC35C710041BCF8 /* Extensions */ = {
			isa = PBXGroup;
			children = (
				5B7819952AC35EF80041BCF8 /* StringExtensions.swift */,
				5BC241342ADF0486002892E5 /* DoubleExtensions.swift */,
			);
			path = Extensions;
			sourceTree = "<group>";
		};
		5BBAFE4A2AF83D91008CEBBE /* Components */ = {
			isa = PBXGroup;
			children = (
				5BBAFE4B2AF83D9E008CEBBE /* HeaderViewComponent.swift */,
				5BBAFE512AF83DFD008CEBBE /* SeparatorViewComponent.swift */,
				5BBAFE532AF83E0D008CEBBE /* ProviderButtonViewComponent.swift */,
				5BBAFE5C2AF84106008CEBBE /* ButtonViewComponent.swift */,
				5BBAFE5E2AF8412F008CEBBE /* RegistrationFormViewComponent.swift */,
				5BBAFE602AF8414C008CEBBE /* RegTextFieldViewComponent.swift */,
				5B2ABCF92AFAFCD5009EBC18 /* CoursesTextFieldViewComponent.swift */,
				5BB68F5E2B0912E600B1F535 /* CoursesLoadPictureViewComponent.swift */,
				5B636F942B0A0EE60011E9E9 /* CoursesLoadVideoViewComponent.swift */,
				5B2ABCF52AFAE640009EBC18 /* PickerViewComponent.swift */,
				5BBAFE622AF84364008CEBBE /* CategorybuttonViewComponent.swift */,
				5BBF82562AFD7B74005B739F /* WaitingAnimationViewComponent.swift */,
				5BC457382AB3A6A500567EEF /* SignoutButtonViewComponent.swift */,
				5B419DAD2AFFD3CC000619FC /* BlackScreenPlayViewComponent.swift */,
				5B419DAB2AFFCCD3000619FC /* ListRowViewComponent.swift */,
				5B419DAF2B00F2AF000619FC /* SearchBarViewComponent.swift */,
				5B2958D12B06D1D600105F9F /* GalleryPhotoViewComponent.swift */,
				5B636F922B0A05690011E9E9 /* GalleryVideoViewComponent.swift */,
				5B636F962B0A8F540011E9E9 /* WaitingViewComponent.swift */,
			);
			path = Components;
			sourceTree = "<group>";
		};
		5BBAFE552AF84057008CEBBE /* RegisterSubViews */ = {
			isa = PBXGroup;
			children = (
				5BBAFE562AF84086008CEBBE /* RegisterSubView2.swift */,
				5BBAFE582AF8408D008CEBBE /* RegisterSubView3.swift */,
				5BBAFE5A2AF84093008CEBBE /* RegisterSubView4.swift */,
			);
			path = RegisterSubViews;
			sourceTree = "<group>";
		};
		5BBF82582AFD8C08005B739F /* HomeSubViews */ = {
			isa = PBXGroup;
			children = (
				5B616E852ABCF8C0009FAE97 /* CardView.swift */,
				5B68A8122AFE9CD700C378D7 /* CardCarouselView.swift */,
				5B616E872ABCFBC2009FAE97 /* CourseDetailView.swift */,
				5BBF82592AFD93B0005B739F /* VideoPlayerView.swift */,
			);
			path = HomeSubViews;
			sourceTree = "<group>";
		};
		5BC241382ADF1DEC002892E5 /* Views */ = {
			isa = PBXGroup;
			children = (
				5BBAFE4A2AF83D91008CEBBE /* Components */,
				5BC457202AB395CD00567EEF /* AuthViews */,
				5BC457352AB3A48E00567EEF /* MainView */,
			);
			path = Views;
			sourceTree = "<group>";
		};
		5BC241392ADF1DFD002892E5 /* ViewModels */ = {
			isa = PBXGroup;
			children = (
				5B616E7B2ABCBA00009FAE97 /* Auth */,
				5B616E742ABCB993009FAE97 /* Courses_and_storage */,
			);
			path = ViewModels;
			sourceTree = "<group>";
		};
		5BC456FC2AB367FD00567EEF = {
			isa = PBXGroup;
			children = (
				5BC457072AB367FD00567EEF /* Educatech */,
				5BC457062AB367FD00567EEF /* Products */,
				5B616E712ABCB97D009FAE97 /* Frameworks */,
			);
			sourceTree = "<group>";
		};
		5BC457062AB367FD00567EEF /* Products */ = {
			isa = PBXGroup;
			children = (
				5BC457052AB367FD00567EEF /* Educatech.app */,
			);
			name = Products;
			sourceTree = "<group>";
		};
		5BC457072AB367FD00567EEF /* Educatech */ = {
			isa = PBXGroup;
			children = (
				5B78DCD82AB74FA900A87E28 /* Educatech.entitlements */,
				5B78DCD72AB74C4000A87E28 /* Info.plist */,
				5BC4572C2AB396C800567EEF /* GoogleService-Info.plist */,
				5BC457082AB367FD00567EEF /* EducatechApp.swift */,
				5B7819922AC35C710041BCF8 /* Extensions */,
				5BC457292AB3963300567EEF /* Models */,
				5BC457212AB395DD00567EEF /* ModularViews */,
				5BC241382ADF1DEC002892E5 /* Views */,
				5BC241392ADF1DFD002892E5 /* ViewModels */,
				5BC4570C2AB367FE00567EEF /* Assets.xcassets */,
				5BC4570E2AB367FE00567EEF /* Preview Content */,
			);
			path = Educatech;
			sourceTree = "<group>";
		};
		5BC4570E2AB367FE00567EEF /* Preview Content */ = {
			isa = PBXGroup;
			children = (
				5BC4570F2AB367FE00567EEF /* Preview Assets.xcassets */,
			);
			path = "Preview Content";
			sourceTree = "<group>";
		};
		5BC457202AB395CD00567EEF /* AuthViews */ = {
			isa = PBXGroup;
			children = (
				5BBAFE552AF84057008CEBBE /* RegisterSubViews */,
				5BC457182AB3690000567EEF /* InitialView.swift */,
				5BC4570A2AB367FD00567EEF /* LoginView.swift */,
				5BC457162AB368C500567EEF /* RegisterView1.swift */,
			);
			path = AuthViews;
			sourceTree = "<group>";
		};
		5BC457212AB395DD00567EEF /* ModularViews */ = {
			isa = PBXGroup;
			children = (
				5BC4571A2AB36ABD00567EEF /* DismissView.swift */,
				5B616E832ABCE820009FAE97 /* CreationForm.swift */,
				5B5BDA512AD32E2D00BDE896 /* CustomTextField.swift */,
				5B0A02892AD3F7B6004FB043 /* MailViewComponent.swift */,
			);
			path = ModularViews;
			sourceTree = "<group>";
		};
		5BC457292AB3963300567EEF /* Models */ = {
			isa = PBXGroup;
			children = (
				5BBAFE4D2AF83DC7008CEBBE /* HeaderModel.swift */,
				5BBAFE4F2AF83DDE008CEBBE /* ProviderModel.swift */,
				5B9564612AD1FD55002BC3BE /* Enums.swift */,
				5BC241362ADF0658002892E5 /* Constants.swift */,
				5BC2413C2AE05AED002892E5 /* UserModels.swift */,
				5BCEB6472AE1ECBD00DB5973 /* ContentType.swift */,
				5B616E7C2ABCBB52009FAE97 /* CourseModel.swift */,
				5B0A028B2AD3FE98004FB043 /* EmailDataModel.swift */,
				5BC2413A2ADF1E99002892E5 /* FormDataModel.swift */,
			);
			path = Models;
			sourceTree = "<group>";
		};
		5BC457352AB3A48E00567EEF /* MainView */ = {
			isa = PBXGroup;
			children = (
				5BBF82582AFD8C08005B739F /* HomeSubViews */,
				5B2ABCF22AFAB8C9009EBC18 /* ManagementSubViews */,
				5BC4571C2AB36B4100567EEF /* MainView.swift */,
				5B33E2AC2ABB74F000B20E9A /* HomeView.swift */,
				5B7092402ABDEED5003243C7 /* SubscribedView.swift */,
				5BCEB6412AE19B6100DB5973 /* SearchView.swift */,
				5B70923E2ABDED45003243C7 /* ManagementView.swift */,
				5B33E2AA2ABB722100B20E9A /* ProfileView.swift */,
				5B70923B2ABDEC73003243C7 /* EditorViews */,
			);
			path = MainView;
			sourceTree = "<group>";
		};
/* End PBXGroup section */

/* Begin PBXNativeTarget section */
		5BC457042AB367FD00567EEF /* Educatech */ = {
			isa = PBXNativeTarget;
			buildConfigurationList = 5BC457132AB367FE00567EEF /* Build configuration list for PBXNativeTarget "Educatech" */;
			buildPhases = (
				5BC457012AB367FD00567EEF /* Sources */,
				5BC457022AB367FD00567EEF /* Frameworks */,
				5BC457032AB367FD00567EEF /* Resources */,
			);
			buildRules = (
			);
			dependencies = (
			);
			name = Educatech;
			packageProductDependencies = (
				5BC4572F2AB396D300567EEF /* FirebaseAnalytics */,
				5BC457312AB396D300567EEF /* FirebaseAnalyticsSwift */,
				5BC457332AB396D300567EEF /* FirebaseAuth */,
				5B78DCD52AB74B3200A87E28 /* FacebookLogin */,
				5B150E922AB7BF5A005CC112 /* GoogleSignIn */,
				5B150E942AB7BF5A005CC112 /* GoogleSignInSwift */,
				5B616E722ABCB97D009FAE97 /* FirebaseFirestoreSwift */,
				5B540DB52AC234A20034FF9D /* FirebaseFirestore */,
				5B540DB72AC234AE0034FF9D /* FirebaseStorage */,
			);
			productName = Educatech;
			productReference = 5BC457052AB367FD00567EEF /* Educatech.app */;
			productType = "com.apple.product-type.application";
		};
/* End PBXNativeTarget section */

/* Begin PBXProject section */
		5BC456FD2AB367FD00567EEF /* Project object */ = {
			isa = PBXProject;
			attributes = {
				BuildIndependentTargetsInParallel = 1;
				LastSwiftUpdateCheck = 1430;
				LastUpgradeCheck = 1500;
				TargetAttributes = {
					5BC457042AB367FD00567EEF = {
						CreatedOnToolsVersion = 14.3.1;
					};
				};
			};
			buildConfigurationList = 5BC457002AB367FD00567EEF /* Build configuration list for PBXProject "Educatech" */;
			compatibilityVersion = "Xcode 14.0";
			developmentRegion = en;
			hasScannedForEncodings = 0;
			knownRegions = (
				en,
				Base,
			);
			mainGroup = 5BC456FC2AB367FD00567EEF;
			packageReferences = (
				5BC4572E2AB396D300567EEF /* XCRemoteSwiftPackageReference "firebase-ios-sdk" */,
				5B78DCD42AB74B3100A87E28 /* XCRemoteSwiftPackageReference "facebook-ios-sdk" */,
				5B150E912AB7BF5A005CC112 /* XCRemoteSwiftPackageReference "GoogleSignIn-iOS" */,
			);
			productRefGroup = 5BC457062AB367FD00567EEF /* Products */;
			projectDirPath = "";
			projectRoot = "";
			targets = (
				5BC457042AB367FD00567EEF /* Educatech */,
			);
		};
/* End PBXProject section */

/* Begin PBXResourcesBuildPhase section */
		5BC457032AB367FD00567EEF /* Resources */ = {
			isa = PBXResourcesBuildPhase;
			buildActionMask = 2147483647;
			files = (
				5BC457102AB367FE00567EEF /* Preview Assets.xcassets in Resources */,
				5BC4570D2AB367FE00567EEF /* Assets.xcassets in Resources */,
				5BC4572D2AB396C800567EEF /* GoogleService-Info.plist in Resources */,
			);
			runOnlyForDeploymentPostprocessing = 0;
		};
/* End PBXResourcesBuildPhase section */

/* Begin PBXSourcesBuildPhase section */
		5BC457012AB367FD00567EEF /* Sources */ = {
			isa = PBXSourcesBuildPhase;
			buildActionMask = 2147483647;
			files = (
				5B616E882ABCFBC2009FAE97 /* CourseDetailView.swift in Sources */,
				5BC457282AB3962800567EEF /* AuthViewModel.swift in Sources */,
				5B68A8132AFE9CD700C378D7 /* CardCarouselView.swift in Sources */,
				5BC457172AB368C500567EEF /* RegisterView1.swift in Sources */,
				5BBAFE5F2AF8412F008CEBBE /* RegistrationFormViewComponent.swift in Sources */,
				5B7092412ABDEED5003243C7 /* SubscribedView.swift in Sources */,
				5BC4571D2AB36B4100567EEF /* MainView.swift in Sources */,
				5B616E7D2ABCBB52009FAE97 /* CourseModel.swift in Sources */,
				5B70923D2ABDEC94003243C7 /* CreationSubView1.swift in Sources */,
				5BC2413D2AE05AED002892E5 /* UserModels.swift in Sources */,
				5B616E782ABCB9EB009FAE97 /* CollectionsRepository.swift in Sources */,
				5B636F952B0A0EE60011E9E9 /* CoursesLoadVideoViewComponent.swift in Sources */,
				5B636F972B0A8F540011E9E9 /* WaitingViewComponent.swift in Sources */,
				5B616E862ABCF8C0009FAE97 /* CardView.swift in Sources */,
				5BBAFE5B2AF84093008CEBBE /* RegisterSubView4.swift in Sources */,
				5B616E842ABCE820009FAE97 /* CreationForm.swift in Sources */,
				5B33E2AD2ABB74F000B20E9A /* HomeView.swift in Sources */,
				5B7819962AC35EF80041BCF8 /* StringExtensions.swift in Sources */,
				5BC4571B2AB36ABD00567EEF /* DismissView.swift in Sources */,
				5BBAFE502AF83DDE008CEBBE /* ProviderModel.swift in Sources */,
				5B5BDA522AD32E2D00BDE896 /* CustomTextField.swift in Sources */,
				5BBAFE572AF84086008CEBBE /* RegisterSubView2.swift in Sources */,
				5B616E762ABCB9D6009FAE97 /* CollectionsViewModel.swift in Sources */,
				5BC2413B2ADF1E99002892E5 /* FormDataModel.swift in Sources */,
				5B2ABCF62AFAE640009EBC18 /* PickerViewComponent.swift in Sources */,
				5BC457392AB3A6A500567EEF /* SignoutButtonViewComponent.swift in Sources */,
				5BBAFE5D2AF84106008CEBBE /* ButtonViewComponent.swift in Sources */,
				5B419DAE2AFFD3CC000619FC /* BlackScreenPlayViewComponent.swift in Sources */,
				5B2ABCFA2AFAFCD5009EBC18 /* CoursesTextFieldViewComponent.swift in Sources */,
				5BBAFE4E2AF83DC7008CEBBE /* HeaderModel.swift in Sources */,
				5B31D4C22AFC5C8800447AD4 /* CreationSubView3.swift in Sources */,
				5BB68F5F2B0912E600B1F535 /* CoursesLoadPictureViewComponent.swift in Sources */,
				5B70923F2ABDED45003243C7 /* ManagementView.swift in Sources */,
				5B2ABCFC2AFB0921009EBC18 /* CreationSubView5.swift in Sources */,
				5BC457242AB3960D00567EEF /* AuthDataSource.swift in Sources */,
				5BCEB6422AE19B6100DB5973 /* SearchView.swift in Sources */,
				5BBF82572AFD7B74005B739F /* WaitingAnimationViewComponent.swift in Sources */,
				5BC457192AB3690000567EEF /* InitialView.swift in Sources */,
				5B419DB02B00F2AF000619FC /* SearchBarViewComponent.swift in Sources */,
				5B9564622AD1FD55002BC3BE /* Enums.swift in Sources */,
				5BBAFE542AF83E0D008CEBBE /* ProviderButtonViewComponent.swift in Sources */,
				5B95645A2AD1BE70002BC3BE /* EditionView.swift in Sources */,
				5BBAFE4C2AF83D9E008CEBBE /* HeaderViewComponent.swift in Sources */,
				5BC241372ADF0658002892E5 /* Constants.swift in Sources */,
				5BC457262AB3962100567EEF /* AuthRepository.swift in Sources */,
				5B2ABCF42AFAC24D009EBC18 /* CreationSubView2.swift in Sources */,
				5B2958D22B06D1D600105F9F /* GalleryPhotoViewComponent.swift in Sources */,
				5B9564642AD21330002BC3BE /* AddNewVideosView.swift in Sources */,
				5BBF825A2AFD93B0005B739F /* VideoPlayerView.swift in Sources */,
				5B2ABCF82AFAEA10009EBC18 /* CreationSubView4.swift in Sources */,
				5B616E7A2ABCB9F8009FAE97 /* CollectionsDataSource.swift in Sources */,
				5BBAFE592AF8408D008CEBBE /* RegisterSubView3.swift in Sources */,
				5B95645E2AD1F1FD002BC3BE /* ManagedCourseCardView.swift in Sources */,
				5BBAFE612AF8414C008CEBBE /* RegTextFieldViewComponent.swift in Sources */,
				5BBAFE632AF84364008CEBBE /* CategorybuttonViewComponent.swift in Sources */,
				5B9564602AD1F284002BC3BE /* ManagedCourseDetailView.swift in Sources */,
				5BC4570B2AB367FD00567EEF /* LoginView.swift in Sources */,
				5BDC39B42AB8D6AA00F2C99A /* GoogleAuth.swift in Sources */,
				5B80EE532AC4E33A00F2F446 /* StorageManager.swift in Sources */,
				5BCEB6482AE1ECBD00DB5973 /* ContentType.swift in Sources */,
				5BC241352ADF0486002892E5 /* DoubleExtensions.swift in Sources */,
				5B78DCDA2AB7716000A87E28 /* FacebookAuth.swift in Sources */,
				5BC457092AB367FD00567EEF /* EducatechApp.swift in Sources */,
				5BBAFE522AF83DFD008CEBBE /* SeparatorViewComponent.swift in Sources */,
				5B0A028C2AD3FE98004FB043 /* EmailDataModel.swift in Sources */,
				5B33E2AB2ABB722100B20E9A /* ProfileView.swift in Sources */,
				5B0A028A2AD3F7B6004FB043 /* MailViewComponent.swift in Sources */,
				5B636F932B0A05690011E9E9 /* GalleryVideoViewComponent.swift in Sources */,
				5B419DAC2AFFCCD3000619FC /* ListRowViewComponent.swift in Sources */,
			);
			runOnlyForDeploymentPostprocessing = 0;
		};
/* End PBXSourcesBuildPhase section */

/* Begin XCBuildConfiguration section */
		5BC457112AB367FE00567EEF /* Debug */ = {
			isa = XCBuildConfiguration;
			buildSettings = {
				ALWAYS_SEARCH_USER_PATHS = NO;
				ASSETCATALOG_COMPILER_GENERATE_SWIFT_ASSET_SYMBOL_EXTENSIONS = YES;
				CLANG_ANALYZER_NONNULL = YES;
				CLANG_ANALYZER_NUMBER_OBJECT_CONVERSION = YES_AGGRESSIVE;
				CLANG_CXX_LANGUAGE_STANDARD = "gnu++20";
				CLANG_ENABLE_MODULES = YES;
				CLANG_ENABLE_OBJC_ARC = YES;
				CLANG_ENABLE_OBJC_WEAK = YES;
				CLANG_WARN_BLOCK_CAPTURE_AUTORELEASING = YES;
				CLANG_WARN_BOOL_CONVERSION = YES;
				CLANG_WARN_COMMA = YES;
				CLANG_WARN_CONSTANT_CONVERSION = YES;
				CLANG_WARN_DEPRECATED_OBJC_IMPLEMENTATIONS = YES;
				CLANG_WARN_DIRECT_OBJC_ISA_USAGE = YES_ERROR;
				CLANG_WARN_DOCUMENTATION_COMMENTS = YES;
				CLANG_WARN_EMPTY_BODY = YES;
				CLANG_WARN_ENUM_CONVERSION = YES;
				CLANG_WARN_INFINITE_RECURSION = YES;
				CLANG_WARN_INT_CONVERSION = YES;
				CLANG_WARN_NON_LITERAL_NULL_CONVERSION = YES;
				CLANG_WARN_OBJC_IMPLICIT_RETAIN_SELF = YES;
				CLANG_WARN_OBJC_LITERAL_CONVERSION = YES;
				CLANG_WARN_OBJC_ROOT_CLASS = YES_ERROR;
				CLANG_WARN_QUOTED_INCLUDE_IN_FRAMEWORK_HEADER = YES;
				CLANG_WARN_RANGE_LOOP_ANALYSIS = YES;
				CLANG_WARN_STRICT_PROTOTYPES = YES;
				CLANG_WARN_SUSPICIOUS_MOVE = YES;
				CLANG_WARN_UNGUARDED_AVAILABILITY = YES_AGGRESSIVE;
				CLANG_WARN_UNREACHABLE_CODE = YES;
				CLANG_WARN__DUPLICATE_METHOD_MATCH = YES;
				COPY_PHASE_STRIP = NO;
				DEBUG_INFORMATION_FORMAT = dwarf;
				ENABLE_STRICT_OBJC_MSGSEND = YES;
				ENABLE_TESTABILITY = YES;
				ENABLE_USER_SCRIPT_SANDBOXING = YES;
				GCC_C_LANGUAGE_STANDARD = gnu11;
				GCC_DYNAMIC_NO_PIC = NO;
				GCC_NO_COMMON_BLOCKS = YES;
				GCC_OPTIMIZATION_LEVEL = 0;
				GCC_PREPROCESSOR_DEFINITIONS = (
					"DEBUG=1",
					"$(inherited)",
				);
				GCC_WARN_64_TO_32_BIT_CONVERSION = YES;
				GCC_WARN_ABOUT_RETURN_TYPE = YES_ERROR;
				GCC_WARN_UNDECLARED_SELECTOR = YES;
				GCC_WARN_UNINITIALIZED_AUTOS = YES_AGGRESSIVE;
				GCC_WARN_UNUSED_FUNCTION = YES;
				GCC_WARN_UNUSED_VARIABLE = YES;
				IPHONEOS_DEPLOYMENT_TARGET = 17.0;
				LINK_WITH_STANDARD_LIBRARIES = YES;
				MTL_ENABLE_DEBUG_INFO = INCLUDE_SOURCE;
				MTL_FAST_MATH = YES;
				ONLY_ACTIVE_ARCH = YES;
				OTHER_LDFLAGS = "-Wl,-ld_classic";
				SDKROOT = iphoneos;
				SWIFT_ACTIVE_COMPILATION_CONDITIONS = DEBUG;
				SWIFT_OPTIMIZATION_LEVEL = "-Onone";
			};
			name = Debug;
		};
		5BC457122AB367FE00567EEF /* Release */ = {
			isa = XCBuildConfiguration;
			buildSettings = {
				ALWAYS_SEARCH_USER_PATHS = NO;
				ASSETCATALOG_COMPILER_GENERATE_SWIFT_ASSET_SYMBOL_EXTENSIONS = YES;
				CLANG_ANALYZER_NONNULL = YES;
				CLANG_ANALYZER_NUMBER_OBJECT_CONVERSION = YES_AGGRESSIVE;
				CLANG_CXX_LANGUAGE_STANDARD = "gnu++20";
				CLANG_ENABLE_MODULES = YES;
				CLANG_ENABLE_OBJC_ARC = YES;
				CLANG_ENABLE_OBJC_WEAK = YES;
				CLANG_WARN_BLOCK_CAPTURE_AUTORELEASING = YES;
				CLANG_WARN_BOOL_CONVERSION = YES;
				CLANG_WARN_COMMA = YES;
				CLANG_WARN_CONSTANT_CONVERSION = YES;
				CLANG_WARN_DEPRECATED_OBJC_IMPLEMENTATIONS = YES;
				CLANG_WARN_DIRECT_OBJC_ISA_USAGE = YES_ERROR;
				CLANG_WARN_DOCUMENTATION_COMMENTS = YES;
				CLANG_WARN_EMPTY_BODY = YES;
				CLANG_WARN_ENUM_CONVERSION = YES;
				CLANG_WARN_INFINITE_RECURSION = YES;
				CLANG_WARN_INT_CONVERSION = YES;
				CLANG_WARN_NON_LITERAL_NULL_CONVERSION = YES;
				CLANG_WARN_OBJC_IMPLICIT_RETAIN_SELF = YES;
				CLANG_WARN_OBJC_LITERAL_CONVERSION = YES;
				CLANG_WARN_OBJC_ROOT_CLASS = YES_ERROR;
				CLANG_WARN_QUOTED_INCLUDE_IN_FRAMEWORK_HEADER = YES;
				CLANG_WARN_RANGE_LOOP_ANALYSIS = YES;
				CLANG_WARN_STRICT_PROTOTYPES = YES;
				CLANG_WARN_SUSPICIOUS_MOVE = YES;
				CLANG_WARN_UNGUARDED_AVAILABILITY = YES_AGGRESSIVE;
				CLANG_WARN_UNREACHABLE_CODE = YES;
				CLANG_WARN__DUPLICATE_METHOD_MATCH = YES;
				COPY_PHASE_STRIP = NO;
				DEBUG_INFORMATION_FORMAT = "dwarf-with-dsym";
				ENABLE_NS_ASSERTIONS = NO;
				ENABLE_STRICT_OBJC_MSGSEND = YES;
				ENABLE_USER_SCRIPT_SANDBOXING = YES;
				GCC_C_LANGUAGE_STANDARD = gnu11;
				GCC_NO_COMMON_BLOCKS = YES;
				GCC_WARN_64_TO_32_BIT_CONVERSION = YES;
				GCC_WARN_ABOUT_RETURN_TYPE = YES_ERROR;
				GCC_WARN_UNDECLARED_SELECTOR = YES;
				GCC_WARN_UNINITIALIZED_AUTOS = YES_AGGRESSIVE;
				GCC_WARN_UNUSED_FUNCTION = YES;
				GCC_WARN_UNUSED_VARIABLE = YES;
				IPHONEOS_DEPLOYMENT_TARGET = 17.0;
				LINK_WITH_STANDARD_LIBRARIES = YES;
				MTL_ENABLE_DEBUG_INFO = NO;
				MTL_FAST_MATH = YES;
				OTHER_LDFLAGS = "";
				SDKROOT = iphoneos;
				SWIFT_COMPILATION_MODE = wholemodule;
				SWIFT_OPTIMIZATION_LEVEL = "-O";
				VALIDATE_PRODUCT = YES;
			};
			name = Release;
		};
		5BC457142AB367FE00567EEF /* Debug */ = {
			isa = XCBuildConfiguration;
			buildSettings = {
				ASSETCATALOG_COMPILER_APPICON_NAME = AppIcon;
				ASSETCATALOG_COMPILER_GLOBAL_ACCENT_COLOR_NAME = AccentColor;
				CODE_SIGN_ENTITLEMENTS = Educatech/Educatech.entitlements;
				CODE_SIGN_STYLE = Automatic;
				CURRENT_PROJECT_VERSION = 1;
				DEVELOPMENT_ASSET_PATHS = "\"Educatech/Preview Content\"";
				DEVELOPMENT_TEAM = Y22585Y2W7;
				ENABLE_PREVIEWS = YES;
				GENERATE_INFOPLIST_FILE = YES;
				INFOPLIST_FILE = Educatech/Info.plist;
				INFOPLIST_KEY_CFBundleDisplayName = Educatech;
				INFOPLIST_KEY_LSApplicationCategoryType = "public.app-category.video";
				INFOPLIST_KEY_UIApplicationSceneManifest_Generation = YES;
				INFOPLIST_KEY_UIApplicationSupportsIndirectInputEvents = YES;
				INFOPLIST_KEY_UILaunchScreen_Generation = YES;
				INFOPLIST_KEY_UISupportedInterfaceOrientations_iPad = "UIInterfaceOrientationPortrait UIInterfaceOrientationPortraitUpsideDown UIInterfaceOrientationLandscapeLeft UIInterfaceOrientationLandscapeRight";
				INFOPLIST_KEY_UISupportedInterfaceOrientations_iPhone = "UIInterfaceOrientationPortrait UIInterfaceOrientationLandscapeLeft UIInterfaceOrientationLandscapeRight";
				IPHONEOS_DEPLOYMENT_TARGET = 17.0;
				LD_RUNPATH_SEARCH_PATHS = (
					"$(inherited)",
					"@executable_path/Frameworks",
				);
				MARKETING_VERSION = 1.0;
				PRODUCT_BUNDLE_IDENTIFIER = com.nitramy.Educatech;
				PRODUCT_NAME = "$(TARGET_NAME)";
				SUPPORTED_PLATFORMS = "iphoneos iphonesimulator";
				SUPPORTS_MACCATALYST = NO;
				SWIFT_EMIT_LOC_STRINGS = YES;
				SWIFT_VERSION = 5.0;
				TARGETED_DEVICE_FAMILY = "1,2";
			};
			name = Debug;
		};
		5BC457152AB367FE00567EEF /* Release */ = {
			isa = XCBuildConfiguration;
			buildSettings = {
				ASSETCATALOG_COMPILER_APPICON_NAME = AppIcon;
				ASSETCATALOG_COMPILER_GLOBAL_ACCENT_COLOR_NAME = AccentColor;
				CODE_SIGN_ENTITLEMENTS = Educatech/Educatech.entitlements;
				CODE_SIGN_STYLE = Automatic;
				CURRENT_PROJECT_VERSION = 1;
				DEVELOPMENT_ASSET_PATHS = "\"Educatech/Preview Content\"";
				DEVELOPMENT_TEAM = Y22585Y2W7;
				ENABLE_PREVIEWS = YES;
				GENERATE_INFOPLIST_FILE = YES;
				INFOPLIST_FILE = Educatech/Info.plist;
				INFOPLIST_KEY_CFBundleDisplayName = Educatech;
				INFOPLIST_KEY_LSApplicationCategoryType = "public.app-category.video";
				INFOPLIST_KEY_UIApplicationSceneManifest_Generation = YES;
				INFOPLIST_KEY_UIApplicationSupportsIndirectInputEvents = YES;
				INFOPLIST_KEY_UILaunchScreen_Generation = YES;
				INFOPLIST_KEY_UISupportedInterfaceOrientations_iPad = "UIInterfaceOrientationPortrait UIInterfaceOrientationPortraitUpsideDown UIInterfaceOrientationLandscapeLeft UIInterfaceOrientationLandscapeRight";
				INFOPLIST_KEY_UISupportedInterfaceOrientations_iPhone = "UIInterfaceOrientationPortrait UIInterfaceOrientationLandscapeLeft UIInterfaceOrientationLandscapeRight";
				IPHONEOS_DEPLOYMENT_TARGET = 17.0;
				LD_RUNPATH_SEARCH_PATHS = (
					"$(inherited)",
					"@executable_path/Frameworks",
				);
				MARKETING_VERSION = 1.0;
				PRODUCT_BUNDLE_IDENTIFIER = com.nitramy.Educatech;
				PRODUCT_NAME = "$(TARGET_NAME)";
				SUPPORTED_PLATFORMS = "iphoneos iphonesimulator";
				SUPPORTS_MACCATALYST = NO;
				SWIFT_EMIT_LOC_STRINGS = YES;
				SWIFT_VERSION = 5.0;
				TARGETED_DEVICE_FAMILY = "1,2";
			};
			name = Release;
		};
/* End XCBuildConfiguration section */

/* Begin XCConfigurationList section */
		5BC457002AB367FD00567EEF /* Build configuration list for PBXProject "Educatech" */ = {
			isa = XCConfigurationList;
			buildConfigurations = (
				5BC457112AB367FE00567EEF /* Debug */,
				5BC457122AB367FE00567EEF /* Release */,
			);
			defaultConfigurationIsVisible = 0;
			defaultConfigurationName = Release;
		};
		5BC457132AB367FE00567EEF /* Build configuration list for PBXNativeTarget "Educatech" */ = {
			isa = XCConfigurationList;
			buildConfigurations = (
				5BC457142AB367FE00567EEF /* Debug */,
				5BC457152AB367FE00567EEF /* Release */,
			);
			defaultConfigurationIsVisible = 0;
			defaultConfigurationName = Release;
		};
/* End XCConfigurationList section */

/* Begin XCRemoteSwiftPackageReference section */
		5B150E912AB7BF5A005CC112 /* XCRemoteSwiftPackageReference "GoogleSignIn-iOS" */ = {
			isa = XCRemoteSwiftPackageReference;
			repositoryURL = "https://github.com/google/GoogleSignIn-iOS";
			requirement = {
				kind = upToNextMajorVersion;
				minimumVersion = 7.0.0;
			};
		};
		5B78DCD42AB74B3100A87E28 /* XCRemoteSwiftPackageReference "facebook-ios-sdk" */ = {
			isa = XCRemoteSwiftPackageReference;
			repositoryURL = "https://github.com/facebook/facebook-ios-sdk.git";
			requirement = {
				kind = upToNextMajorVersion;
				minimumVersion = 14.0.0;
			};
		};
		5BC4572E2AB396D300567EEF /* XCRemoteSwiftPackageReference "firebase-ios-sdk" */ = {
			isa = XCRemoteSwiftPackageReference;
			repositoryURL = "https://github.com/firebase/firebase-ios-sdk";
			requirement = {
				kind = upToNextMajorVersion;
				minimumVersion = 10.0.0;
			};
		};
/* End XCRemoteSwiftPackageReference section */

/* Begin XCSwiftPackageProductDependency section */
		5B150E922AB7BF5A005CC112 /* GoogleSignIn */ = {
			isa = XCSwiftPackageProductDependency;
			package = 5B150E912AB7BF5A005CC112 /* XCRemoteSwiftPackageReference "GoogleSignIn-iOS" */;
			productName = GoogleSignIn;
		};
		5B150E942AB7BF5A005CC112 /* GoogleSignInSwift */ = {
			isa = XCSwiftPackageProductDependency;
			package = 5B150E912AB7BF5A005CC112 /* XCRemoteSwiftPackageReference "GoogleSignIn-iOS" */;
			productName = GoogleSignInSwift;
		};
		5B540DB52AC234A20034FF9D /* FirebaseFirestore */ = {
			isa = XCSwiftPackageProductDependency;
			package = 5BC4572E2AB396D300567EEF /* XCRemoteSwiftPackageReference "firebase-ios-sdk" */;
			productName = FirebaseFirestore;
		};
		5B540DB72AC234AE0034FF9D /* FirebaseStorage */ = {
			isa = XCSwiftPackageProductDependency;
			package = 5BC4572E2AB396D300567EEF /* XCRemoteSwiftPackageReference "firebase-ios-sdk" */;
			productName = FirebaseStorage;
		};
		5B616E722ABCB97D009FAE97 /* FirebaseFirestoreSwift */ = {
			isa = XCSwiftPackageProductDependency;
			package = 5BC4572E2AB396D300567EEF /* XCRemoteSwiftPackageReference "firebase-ios-sdk" */;
			productName = FirebaseFirestoreSwift;
		};
		5B78DCD52AB74B3200A87E28 /* FacebookLogin */ = {
			isa = XCSwiftPackageProductDependency;
			package = 5B78DCD42AB74B3100A87E28 /* XCRemoteSwiftPackageReference "facebook-ios-sdk" */;
			productName = FacebookLogin;
		};
		5BC4572F2AB396D300567EEF /* FirebaseAnalytics */ = {
			isa = XCSwiftPackageProductDependency;
			package = 5BC4572E2AB396D300567EEF /* XCRemoteSwiftPackageReference "firebase-ios-sdk" */;
			productName = FirebaseAnalytics;
		};
		5BC457312AB396D300567EEF /* FirebaseAnalyticsSwift */ = {
			isa = XCSwiftPackageProductDependency;
			package = 5BC4572E2AB396D300567EEF /* XCRemoteSwiftPackageReference "firebase-ios-sdk" */;
			productName = FirebaseAnalyticsSwift;
		};
		5BC457332AB396D300567EEF /* FirebaseAuth */ = {
			isa = XCSwiftPackageProductDependency;
			package = 5BC4572E2AB396D300567EEF /* XCRemoteSwiftPackageReference "firebase-ios-sdk" */;
			productName = FirebaseAuth;
		};
/* End XCSwiftPackageProductDependency section */
	};
	rootObject = 5BC456FD2AB367FD00567EEF /* Project object */;
}
